
Microsoft Visual Studio Solution File, Format Version 10.00
# Visual C++ Express 2008
Project("{8BC9CEB8-8B4A-11D0-8D11-00A0C91BC942}") = "LIBSVM-Plus", "msvc.vcproj", "{399AA6EA-189D-4B80-BB6C-506FD5FF46E9}"
EndProject
Project("{8BC9CEB8-8B4A-11D0-8D11-00A0C91BC942}") = "svm-predict", "svm-predict\svm-predict.vcproj", "{6FB3C9B1-652B-465A-A0AE-C69FBAA23358}"
	ProjectSection(ProjectDependencies) = postProject
		{399AA6EA-189D-4B80-BB6C-506FD5FF46E9} = {399AA6EA-189D-4B80-BB6C-506FD5FF46E9}
	EndProjectSection
EndProject
Project("{8BC9CEB8-8B4A-11D0-8D11-00A0C91BC942}") = "svm-scale", "svm-scale\svm-scale.vcproj", "{698E030B-4BCA-4F3E-AEC4-CF486534ED9E}"
	ProjectSection(ProjectDependencies) = postProject
		{399AA6EA-189D-4B80-BB6C-506FD5FF46E9} = {399AA6EA-189D-4B80-BB6C-506FD5FF46E9}
	EndProjectSection
EndProject
Project("{8BC9CEB8-8B4A-11D0-8D11-00A0C91BC942}") = "svm-train", "svm-train\svm-train.vcproj", "{57B3C50D-A021-49B7-85A2-CA648EBB1487}"
	ProjectSection(ProjectDependencies) = postProject
		{399AA6EA-189D-4B80-BB6C-506FD5FF46E9} = {399AA6EA-189D-4B80-BB6C-506FD5FF46E9}
	EndProjectSection
EndProject
Global
	GlobalSection(SolutionConfigurationPlatforms) = preSolution
		Debug|Win32 = Debug|Win32
		Release|Win32 = Release|Win32
	EndGlobalSection
	GlobalSection(ProjectConfigurationPlatforms) = postSolution
		{399AA6EA-189D-4B80-BB6C-506FD5FF46E9}.Debug|Win32.ActiveCfg = Debug|Win32
		{399AA6EA-189D-4B80-BB6C-506FD5FF46E9}.Debug|Win32.Build.0 = Debug|Win32
		{399AA6EA-189D-4B80-BB6C-506FD5FF46E9}.Release|Win32.ActiveCfg = Release|Win32
		{399AA6EA-189D-4B80-BB6C-506FD5FF46E9}.Release|Win32.Build.0 = Release|Win32
		{6FB3C9B1-652B-465A-A0AE-C69FBAA23358}.Debug|Win32.ActiveCfg = Debug|Win32
		{6FB3C9B1-652B-465A-A0AE-C69FBAA23358}.Debug|Win32.Build.0 = Debug|Win32
		{6FB3C9B1-652B-465A-A0AE-C69FBAA23358}.Release|Win32.ActiveCfg = Release|Win32
		{6FB3C9B1-652B-465A-A0AE-C69FBAA23358}.Release|Win32.Build.0 = Release|Win32
		{698E030B-4BCA-4F3E-AEC4-CF486534ED9E}.Debug|Win32.ActiveCfg = Debug|Win32
		{698E030B-4BCA-4F3E-AEC4-CF486534ED9E}.Debug|Win32.Build.0 = Debug|Win32
		{698E030B-4BCA-4F3E-AEC4-CF486534ED9E}.Release|Win32.ActiveCfg = Release|Win32
		{698E030B-4BCA-4F3E-AEC4-CF486534ED9E}.Release|Win32.Build.0 = Release|Win32
		{57B3C50D-A021-49B7-85A2-CA648EBB1487}.Debug|Win32.ActiveCfg = Debug|Win32
		{57B3C50D-A021-49B7-85A2-CA648EBB1487}.Debug|Win32.Build.0 = Debug|Win32
		{57B3C50D-A021-49B7-85A2-CA648EBB1487}.Release|Win32.ActiveCfg = Release|Win32
		{57B3C50D-A021-49B7-85A2-CA648EBB1487}.Release|Win32.Build.0 = Release|Win32
	EndGlobalSection
	GlobalSection(SolutionProperties) = preSolution
		HideSolutionNode = FALSE
	EndGlobalSection
EndGlobal
